# This file is automatically @generated by Poetry and should not be changed by hand.

[[package]]
name = "faker"
version = "16.6.1"
description = "Faker is a Python package that generates fake data for you."
category = "main"
optional = false
python-versions = ">=3.7"
files = [
    {file = "Faker-16.6.1-py3-none-any.whl", hash = "sha256:2375d0bbaf405dc4f1cbc771485a78ad952c776798e5c228eef3e7b337f78868"},
    {file = "Faker-16.6.1.tar.gz", hash = "sha256:b76e5d2405470e3d38d37d1bfaa9d9bbf171bdf41c814f5bbd8117b121f6bccb"},
]

[package.dependencies]
python-dateutil = ">=2.4"

[[package]]
name = "python-dateutil"
version = "2.8.2"
description = "Extensions to the standard Python datetime module"
category = "main"
optional = false
python-versions = "!=3.0.*,!=3.1.*,!=3.2.*,>=2.7"
files = [
    {file = "python-dateutil-2.8.2.tar.gz", hash = "sha256:0123cacc1627ae19ddf3c27a5de5bd67ee4586fbdd6440d9748f8abb483d3e86"},
    {file = "python_dateutil-2.8.2-py2.py3-none-any.whl", hash = "sha256:961d03dc3453ebbc59dbdea9e4e11c5651520a876d0f4db161e8674aae935da9"},
]

[package.dependencies]
six = ">=1.5"

[[package]]
name = "six"
version = "1.16.0"
description = "Python 2 and 3 compatibility utilities"
category = "main"
optional = false
python-versions = ">=2.7, !=3.0.*, !=3.1.*, !=3.2.*"
files = [
    {file = "six-1.16.0-py2.py3-none-any.whl", hash = "sha256:8abb2f1d86890a2dfb989f9a77cfcfd3e47c2a354b01111771326f8aa26e0254"},
    {file = "six-1.16.0.tar.gz", hash = "sha256:1e61c37477a1626458e36f7b1d82aa5c9b094fa4802892072e49de9c60c4c926"},
]

[metadata]
lock-version = "2.0"
python-versions = "^3.10"
content-hash = "b7b9a912ee36e253e756d85895d277da7a56c72e3809b3a75d37bb7929df0d48"
